
Microsoft Visual Studio Solution File, Format Version 12.00
Project("{2150E333-8FDC-42A3-9474-1A3956D46DE8}") = "Services", "Services", "{037DB588-A7B7-4301-9240-158FDB5549E8}"
EndProject
Project("{2150E333-8FDC-42A3-9474-1A3956D46DE8}") = "AuthService", "AuthService", "{2A39CE25-7468-4E05-A528-FEFEF904BA29}"
EndProject
Project("{2150E333-8FDC-42A3-9474-1A3956D46DE8}") = "StorageService", "StorageService", "{592E9AC1-DAC0-4EFF-82F7-631570CC1BB3}"
EndProject
Project("{2150E333-8FDC-42A3-9474-1A3956D46DE8}") = "Orchestration", "Orchestration", "{866F16E6-CAEF-43DE-B328-A4B8EBD5C98F}"
EndProject
Project("{FAE04EC0-301F-11D3-BF4B-00C04F79EFBC}") = "docker-compose", "Orchestration\docker-compose\docker-compose.dcproj", "{A633C906-D8AA-484C-8EBF-A5B5F1504253}"
EndProject
Project("{FAE04EC0-301F-11D3-BF4B-00C04F79EFBC}") = "k8s", "Orchestration\k8s\k8s.vsproj", "{91EBED1C-3F5C-4DF8-BA1D-346EDB0F170E}"
EndProject
Project("{2150E333-8FDC-42A3-9474-1A3956D46DE8}") = "WebSiteService", "WebSiteService", "{268642E8-A4D3-4D65-9C3B-CA42BE92535E}"
EndProject
Project("{FAE04EC0-301F-11D3-BF4B-00C04F79EFBC}") = "Auth.Domain", "Services\AuthService\Auth.Domain\Auth.Domain.csproj", "{BA4B30E3-13DA-4F59-B1AA-7BF8873F2B76}"
EndProject
Project("{FAE04EC0-301F-11D3-BF4B-00C04F79EFBC}") = "Auth.API", "Services\AuthService\Auth.API\Auth.API.csproj", "{0A430CA2-2B86-4869-8FB7-A37CE35AFBA5}"
EndProject
Project("{FAE04EC0-301F-11D3-BF4B-00C04F79EFBC}") = "Storage.API", "Services\StorageService\Storage.API\Storage.API.csproj", "{212B2EA0-FDC3-4D19-9166-35D93A471E47}"
EndProject
Project("{FAE04EC0-301F-11D3-BF4B-00C04F79EFBC}") = "Auth.Infrastructure", "Services\AuthService\Auth.Infrastructure\Auth.Infrastructure.csproj", "{A2D57251-66DB-4A6A-AC54-BA9A2CF43D56}"
EndProject
Project("{FAE04EC0-301F-11D3-BF4B-00C04F79EFBC}") = "Storage.Domain", "Services\StorageService\Storage.Domain\Storage.Domain.csproj", "{E20EB502-8536-46B6-A5BB-B74A70DF3786}"
EndProject
Project("{FAE04EC0-301F-11D3-BF4B-00C04F79EFBC}") = "Storage.Infrastructure", "Services\StorageService\Storage.Infrastructure\Storage.Infrastructure.csproj", "{6707F1D7-197C-4AA5-8C10-8A4BFC4E243E}"
EndProject
Project("{FAE04EC0-301F-11D3-BF4B-00C04F79EFBC}") = "Auth.UnitTests", "Services\AuthService\Auth.UnitTests\Auth.UnitTests.csproj", "{65A38FB2-FE54-493A-80ED-BE663D8012BC}"
EndProject
Project("{FAE04EC0-301F-11D3-BF4B-00C04F79EFBC}") = "Storage.UnitTests", "Services\StorageService\Storage.UnitTests\Storage.UnitTests.csproj", "{E180203F-E2AF-4E22-8AD1-E67B00C6E35E}"
EndProject
Project("{FAE04EC0-301F-11D3-BF4B-00C04F79EFBC}") = "Storage.IntegrationTests", "Services\StorageService\Storage.IntegrationTests\Storage.IntegrationTests.csproj", "{10765F19-F218-4C11-A830-B32D9D54D0CC}"
EndProject
Project("{FAE04EC0-301F-11D3-BF4B-00C04F79EFBC}") = "Auth.IntegrationTests", "Services\AuthService\Auth.IntegrationTests\Auth.IntegrationTests.csproj", "{7C65FA41-F50A-4248-9048-429E7ED17F1B}"
EndProject
Project("{FAE04EC0-301F-11D3-BF4B-00C04F79EFBC}") = "Web.MVC", "Services\WebSiteService\Web.MVC\Web.MVC.csproj", "{E0FA5C07-6333-4FE7-92B3-40FF7F887C54}"
EndProject
Project("{FAE04EC0-301F-11D3-BF4B-00C04F79EFBC}") = "Web.IntegrationTests", "Services\WebSiteService\Web.IntegrationTests\Web.IntegrationTests.csproj", "{84547EDF-D646-4356-B1CE-8CD992D51674}"
EndProject
Project("{FAE04EC0-301F-11D3-BF4B-00C04F79EFBC}") = "Web.UnitTests", "Services\WebSiteService\Web.UnitTests\Web.UnitTests.csproj", "{9712631F-4C7D-414C-ADCE-1F4DF021BA4E}"
EndProject
Global
	GlobalSection(SolutionConfigurationPlatforms) = preSolution
		Debug|Any CPU = Debug|Any CPU
		Release|Any CPU = Release|Any CPU
	EndGlobalSection
	GlobalSection(ProjectConfigurationPlatforms) = postSolution
		{A633C906-D8AA-484C-8EBF-A5B5F1504253}.Debug|Any CPU.ActiveCfg = Debug|Any CPU
		{A633C906-D8AA-484C-8EBF-A5B5F1504253}.Debug|Any CPU.Build.0 = Debug|Any CPU
		{A633C906-D8AA-484C-8EBF-A5B5F1504253}.Release|Any CPU.ActiveCfg = Release|Any CPU
		{A633C906-D8AA-484C-8EBF-A5B5F1504253}.Release|Any CPU.Build.0 = Release|Any CPU
		{BA4B30E3-13DA-4F59-B1AA-7BF8873F2B76}.Debug|Any CPU.ActiveCfg = Debug|Any CPU
		{BA4B30E3-13DA-4F59-B1AA-7BF8873F2B76}.Debug|Any CPU.Build.0 = Debug|Any CPU
		{BA4B30E3-13DA-4F59-B1AA-7BF8873F2B76}.Release|Any CPU.ActiveCfg = Release|Any CPU
		{BA4B30E3-13DA-4F59-B1AA-7BF8873F2B76}.Release|Any CPU.Build.0 = Release|Any CPU
		{0A430CA2-2B86-4869-8FB7-A37CE35AFBA5}.Debug|Any CPU.ActiveCfg = Debug|Any CPU
		{0A430CA2-2B86-4869-8FB7-A37CE35AFBA5}.Debug|Any CPU.Build.0 = Debug|Any CPU
		{0A430CA2-2B86-4869-8FB7-A37CE35AFBA5}.Release|Any CPU.ActiveCfg = Release|Any CPU
		{0A430CA2-2B86-4869-8FB7-A37CE35AFBA5}.Release|Any CPU.Build.0 = Release|Any CPU
		{212B2EA0-FDC3-4D19-9166-35D93A471E47}.Debug|Any CPU.ActiveCfg = Debug|Any CPU
		{212B2EA0-FDC3-4D19-9166-35D93A471E47}.Debug|Any CPU.Build.0 = Debug|Any CPU
		{212B2EA0-FDC3-4D19-9166-35D93A471E47}.Release|Any CPU.ActiveCfg = Release|Any CPU
		{212B2EA0-FDC3-4D19-9166-35D93A471E47}.Release|Any CPU.Build.0 = Release|Any CPU
		{A2D57251-66DB-4A6A-AC54-BA9A2CF43D56}.Debug|Any CPU.ActiveCfg = Debug|Any CPU
		{A2D57251-66DB-4A6A-AC54-BA9A2CF43D56}.Debug|Any CPU.Build.0 = Debug|Any CPU
		{A2D57251-66DB-4A6A-AC54-BA9A2CF43D56}.Release|Any CPU.ActiveCfg = Release|Any CPU
		{A2D57251-66DB-4A6A-AC54-BA9A2CF43D56}.Release|Any CPU.Build.0 = Release|Any CPU
		{E20EB502-8536-46B6-A5BB-B74A70DF3786}.Debug|Any CPU.ActiveCfg = Debug|Any CPU
		{E20EB502-8536-46B6-A5BB-B74A70DF3786}.Debug|Any CPU.Build.0 = Debug|Any CPU
		{E20EB502-8536-46B6-A5BB-B74A70DF3786}.Release|Any CPU.ActiveCfg = Release|Any CPU
		{E20EB502-8536-46B6-A5BB-B74A70DF3786}.Release|Any CPU.Build.0 = Release|Any CPU
		{6707F1D7-197C-4AA5-8C10-8A4BFC4E243E}.Debug|Any CPU.ActiveCfg = Debug|Any CPU
		{6707F1D7-197C-4AA5-8C10-8A4BFC4E243E}.Debug|Any CPU.Build.0 = Debug|Any CPU
		{6707F1D7-197C-4AA5-8C10-8A4BFC4E243E}.Release|Any CPU.ActiveCfg = Release|Any CPU
		{6707F1D7-197C-4AA5-8C10-8A4BFC4E243E}.Release|Any CPU.Build.0 = Release|Any CPU
		{65A38FB2-FE54-493A-80ED-BE663D8012BC}.Debug|Any CPU.ActiveCfg = Debug|Any CPU
		{65A38FB2-FE54-493A-80ED-BE663D8012BC}.Debug|Any CPU.Build.0 = Debug|Any CPU
		{65A38FB2-FE54-493A-80ED-BE663D8012BC}.Release|Any CPU.ActiveCfg = Release|Any CPU
		{65A38FB2-FE54-493A-80ED-BE663D8012BC}.Release|Any CPU.Build.0 = Release|Any CPU
		{E180203F-E2AF-4E22-8AD1-E67B00C6E35E}.Debug|Any CPU.ActiveCfg = Debug|Any CPU
		{E180203F-E2AF-4E22-8AD1-E67B00C6E35E}.Debug|Any CPU.Build.0 = Debug|Any CPU
		{E180203F-E2AF-4E22-8AD1-E67B00C6E35E}.Release|Any CPU.ActiveCfg = Release|Any CPU
		{E180203F-E2AF-4E22-8AD1-E67B00C6E35E}.Release|Any CPU.Build.0 = Release|Any CPU
		{10765F19-F218-4C11-A830-B32D9D54D0CC}.Debug|Any CPU.ActiveCfg = Debug|Any CPU
		{10765F19-F218-4C11-A830-B32D9D54D0CC}.Debug|Any CPU.Build.0 = Debug|Any CPU
		{10765F19-F218-4C11-A830-B32D9D54D0CC}.Release|Any CPU.ActiveCfg = Release|Any CPU
		{10765F19-F218-4C11-A830-B32D9D54D0CC}.Release|Any CPU.Build.0 = Release|Any CPU
		{7C65FA41-F50A-4248-9048-429E7ED17F1B}.Debug|Any CPU.ActiveCfg = Debug|Any CPU
		{7C65FA41-F50A-4248-9048-429E7ED17F1B}.Debug|Any CPU.Build.0 = Debug|Any CPU
		{7C65FA41-F50A-4248-9048-429E7ED17F1B}.Release|Any CPU.ActiveCfg = Release|Any CPU
		{7C65FA41-F50A-4248-9048-429E7ED17F1B}.Release|Any CPU.Build.0 = Release|Any CPU
		{E0FA5C07-6333-4FE7-92B3-40FF7F887C54}.Debug|Any CPU.ActiveCfg = Debug|Any CPU
		{E0FA5C07-6333-4FE7-92B3-40FF7F887C54}.Debug|Any CPU.Build.0 = Debug|Any CPU
		{E0FA5C07-6333-4FE7-92B3-40FF7F887C54}.Release|Any CPU.ActiveCfg = Release|Any CPU
		{E0FA5C07-6333-4FE7-92B3-40FF7F887C54}.Release|Any CPU.Build.0 = Release|Any CPU
		{84547EDF-D646-4356-B1CE-8CD992D51674}.Debug|Any CPU.ActiveCfg = Debug|Any CPU
		{84547EDF-D646-4356-B1CE-8CD992D51674}.Debug|Any CPU.Build.0 = Debug|Any CPU
		{84547EDF-D646-4356-B1CE-8CD992D51674}.Release|Any CPU.ActiveCfg = Release|Any CPU
		{84547EDF-D646-4356-B1CE-8CD992D51674}.Release|Any CPU.Build.0 = Release|Any CPU
		{9712631F-4C7D-414C-ADCE-1F4DF021BA4E}.Debug|Any CPU.ActiveCfg = Debug|Any CPU
		{9712631F-4C7D-414C-ADCE-1F4DF021BA4E}.Debug|Any CPU.Build.0 = Debug|Any CPU
		{9712631F-4C7D-414C-ADCE-1F4DF021BA4E}.Release|Any CPU.ActiveCfg = Release|Any CPU
		{9712631F-4C7D-414C-ADCE-1F4DF021BA4E}.Release|Any CPU.Build.0 = Release|Any CPU
	EndGlobalSection
	GlobalSection(NestedProjects) = preSolution
		{2A39CE25-7468-4E05-A528-FEFEF904BA29} = {037DB588-A7B7-4301-9240-158FDB5549E8}
		{592E9AC1-DAC0-4EFF-82F7-631570CC1BB3} = {037DB588-A7B7-4301-9240-158FDB5549E8}
		{A633C906-D8AA-484C-8EBF-A5B5F1504253} = {866F16E6-CAEF-43DE-B328-A4B8EBD5C98F}
		{91EBED1C-3F5C-4DF8-BA1D-346EDB0F170E} = {866F16E6-CAEF-43DE-B328-A4B8EBD5C98F}
		{268642E8-A4D3-4D65-9C3B-CA42BE92535E} = {037DB588-A7B7-4301-9240-158FDB5549E8}
		{BA4B30E3-13DA-4F59-B1AA-7BF8873F2B76} = {2A39CE25-7468-4E05-A528-FEFEF904BA29}
		{0A430CA2-2B86-4869-8FB7-A37CE35AFBA5} = {2A39CE25-7468-4E05-A528-FEFEF904BA29}
		{212B2EA0-FDC3-4D19-9166-35D93A471E47} = {592E9AC1-DAC0-4EFF-82F7-631570CC1BB3}
		{A2D57251-66DB-4A6A-AC54-BA9A2CF43D56} = {2A39CE25-7468-4E05-A528-FEFEF904BA29}
		{E20EB502-8536-46B6-A5BB-B74A70DF3786} = {592E9AC1-DAC0-4EFF-82F7-631570CC1BB3}
		{6707F1D7-197C-4AA5-8C10-8A4BFC4E243E} = {592E9AC1-DAC0-4EFF-82F7-631570CC1BB3}
		{65A38FB2-FE54-493A-80ED-BE663D8012BC} = {2A39CE25-7468-4E05-A528-FEFEF904BA29}
		{E180203F-E2AF-4E22-8AD1-E67B00C6E35E} = {592E9AC1-DAC0-4EFF-82F7-631570CC1BB3}
		{10765F19-F218-4C11-A830-B32D9D54D0CC} = {592E9AC1-DAC0-4EFF-82F7-631570CC1BB3}
		{7C65FA41-F50A-4248-9048-429E7ED17F1B} = {2A39CE25-7468-4E05-A528-FEFEF904BA29}
		{E0FA5C07-6333-4FE7-92B3-40FF7F887C54} = {268642E8-A4D3-4D65-9C3B-CA42BE92535E}
		{84547EDF-D646-4356-B1CE-8CD992D51674} = {268642E8-A4D3-4D65-9C3B-CA42BE92535E}
		{9712631F-4C7D-414C-ADCE-1F4DF021BA4E} = {268642E8-A4D3-4D65-9C3B-CA42BE92535E}
	EndGlobalSection
EndGlobal
